
Microsoft Visual Studio Solution File, Format Version 12.00
# Visual Studio Version 16
VisualStudioVersion = 16.0.30804.86
MinimumVisualStudioVersion = 10.0.40219.1
Project("{FAE04EC0-301F-11D3-BF4B-00C04F79EFBC}") = "B1", "B1\B1.csproj", "{3CB26715-A9F3-4017-AD99-809F01E3EC65}"
EndProject
Project("{FAE04EC0-301F-11D3-BF4B-00C04F79EFBC}") = "B3", "B3\B3.csproj", "{86EAC3C7-117E-430B-96E7-DA0218D5C006}"
EndProject
Project("{FAE04EC0-301F-11D3-BF4B-00C04F79EFBC}") = "B4", "B4\B4.csproj", "{BA907B94-6DA7-4B15-A146-0163C16DA7EE}"
EndProject
Project("{FAE04EC0-301F-11D3-BF4B-00C04F79EFBC}") = "B5", "B5\B5.csproj", "{922250CD-1A44-4C3E-B58E-4E0A13E51D1B}"
EndProject
Project("{FAE04EC0-301F-11D3-BF4B-00C04F79EFBC}") = "B6", "B6\B6.csproj", "{8D9F811C-5A58-4225-814C-608B06E086DF}"
EndProject
Project("{FAE04EC0-301F-11D3-BF4B-00C04F79EFBC}") = "B7", "B7\B7.csproj", "{86556DEA-D06C-406E-9625-AC1FBDA102E1}"
EndProject
Project("{FAE04EC0-301F-11D3-BF4B-00C04F79EFBC}") = "B8", "B8\B8.csproj", "{5EF71D84-41F7-489D-B791-C854E505724C}"
EndProject
Project("{FAE04EC0-301F-11D3-BF4B-00C04F79EFBC}") = "B9", "B9\B9.csproj", "{EC69E59A-F6A4-484E-9A91-474F92EE3B87}"
EndProject
Project("{FAE04EC0-301F-11D3-BF4B-00C04F79EFBC}") = "B10", "B10\B10.csproj", "{F3A346E9-06CB-4FE3-8829-2119C3890148}"
EndProject
Global
	GlobalSection(SolutionConfigurationPlatforms) = preSolution
		Debug|Any CPU = Debug|Any CPU
		Release|Any CPU = Release|Any CPU
	EndGlobalSection
	GlobalSection(ProjectConfigurationPlatforms) = postSolution
		{3CB26715-A9F3-4017-AD99-809F01E3EC65}.Debug|Any CPU.ActiveCfg = Debug|Any CPU
		{3CB26715-A9F3-4017-AD99-809F01E3EC65}.Debug|Any CPU.Build.0 = Debug|Any CPU
		{3CB26715-A9F3-4017-AD99-809F01E3EC65}.Release|Any CPU.ActiveCfg = Release|Any CPU
		{3CB26715-A9F3-4017-AD99-809F01E3EC65}.Release|Any CPU.Build.0 = Release|Any CPU
		{86EAC3C7-117E-430B-96E7-DA0218D5C006}.Debug|Any CPU.ActiveCfg = Debug|Any CPU
		{86EAC3C7-117E-430B-96E7-DA0218D5C006}.Debug|Any CPU.Build.0 = Debug|Any CPU
		{86EAC3C7-117E-430B-96E7-DA0218D5C006}.Release|Any CPU.ActiveCfg = Release|Any CPU
		{86EAC3C7-117E-430B-96E7-DA0218D5C006}.Release|Any CPU.Build.0 = Release|Any CPU
		{BA907B94-6DA7-4B15-A146-0163C16DA7EE}.Debug|Any CPU.ActiveCfg = Debug|Any CPU
		{BA907B94-6DA7-4B15-A146-0163C16DA7EE}.Debug|Any CPU.Build.0 = Debug|Any CPU
		{BA907B94-6DA7-4B15-A146-0163C16DA7EE}.Release|Any CPU.ActiveCfg = Release|Any CPU
		{BA907B94-6DA7-4B15-A146-0163C16DA7EE}.Release|Any CPU.Build.0 = Release|Any CPU
		{922250CD-1A44-4C3E-B58E-4E0A13E51D1B}.Debug|Any CPU.ActiveCfg = Debug|Any CPU
		{922250CD-1A44-4C3E-B58E-4E0A13E51D1B}.Debug|Any CPU.Build.0 = Debug|Any CPU
		{922250CD-1A44-4C3E-B58E-4E0A13E51D1B}.Release|Any CPU.ActiveCfg = Release|Any CPU
		{922250CD-1A44-4C3E-B58E-4E0A13E51D1B}.Release|Any CPU.Build.0 = Release|Any CPU
		{8D9F811C-5A58-4225-814C-608B06E086DF}.Debug|Any CPU.ActiveCfg = Debug|Any CPU
		{8D9F811C-5A58-4225-814C-608B06E086DF}.Debug|Any CPU.Build.0 = Debug|Any CPU
		{8D9F811C-5A58-4225-814C-608B06E086DF}.Release|Any CPU.ActiveCfg = Release|Any CPU
		{8D9F811C-5A58-4225-814C-608B06E086DF}.Release|Any CPU.Build.0 = Release|Any CPU
		{86556DEA-D06C-406E-9625-AC1FBDA102E1}.Debug|Any CPU.ActiveCfg = Debug|Any CPU
		{86556DEA-D06C-406E-9625-AC1FBDA102E1}.Debug|Any CPU.Build.0 = Debug|Any CPU
		{86556DEA-D06C-406E-9625-AC1FBDA102E1}.Release|Any CPU.ActiveCfg = Release|Any CPU
		{86556DEA-D06C-406E-9625-AC1FBDA102E1}.Release|Any CPU.Build.0 = Release|Any CPU
		{5EF71D84-41F7-489D-B791-C854E505724C}.Debug|Any CPU.ActiveCfg = Debug|Any CPU
		{5EF71D84-41F7-489D-B791-C854E505724C}.Debug|Any CPU.Build.0 = Debug|Any CPU
		{5EF71D84-41F7-489D-B791-C854E505724C}.Release|Any CPU.ActiveCfg = Release|Any CPU
		{5EF71D84-41F7-489D-B791-C854E505724C}.Release|Any CPU.Build.0 = Release|Any CPU
		{EC69E59A-F6A4-484E-9A91-474F92EE3B87}.Debug|Any CPU.ActiveCfg = Debug|Any CPU
		{EC69E59A-F6A4-484E-9A91-474F92EE3B87}.Debug|Any CPU.Build.0 = Debug|Any CPU
		{EC69E59A-F6A4-484E-9A91-474F92EE3B87}.Release|Any CPU.ActiveCfg = Release|Any CPU
		{EC69E59A-F6A4-484E-9A91-474F92EE3B87}.Release|Any CPU.Build.0 = Release|Any CPU
		{F3A346E9-06CB-4FE3-8829-2119C3890148}.Debug|Any CPU.ActiveCfg = Debug|Any CPU
		{F3A346E9-06CB-4FE3-8829-2119C3890148}.Debug|Any CPU.Build.0 = Debug|Any CPU
		{F3A346E9-06CB-4FE3-8829-2119C3890148}.Release|Any CPU.ActiveCfg = Release|Any CPU
		{F3A346E9-06CB-4FE3-8829-2119C3890148}.Release|Any CPU.Build.0 = Release|Any CPU
	EndGlobalSection
	GlobalSection(SolutionProperties) = preSolution
		HideSolutionNode = FALSE
	EndGlobalSection
	GlobalSection(ExtensibilityGlobals) = postSolution
		SolutionGuid = {A53AA3B5-A97A-4224-8946-33581A971A03}
	EndGlobalSection
EndGlobal
