
Microsoft Visual Studio Solution File, Format Version 12.00
# Visual Studio Version 16
VisualStudioVersion = 16.0.30804.86
MinimumVisualStudioVersion = 10.0.40219.1
Project("{FAE04EC0-301F-11D3-BF4B-00C04F79EFBC}") = "B1", "B1\B1.csproj", "{3CB26715-A9F3-4017-AD99-809F01E3EC65}"
EndProject
Project("{FAE04EC0-301F-11D3-BF4B-00C04F79EFBC}") = "B3", "B3\B3.csproj", "{86EAC3C7-117E-430B-96E7-DA0218D5C006}"
EndProject
Project("{FAE04EC0-301F-11D3-BF4B-00C04F79EFBC}") = "B4", "B4\B4.csproj", "{BA907B94-6DA7-4B15-A146-0163C16DA7EE}"
EndProject
Project("{FAE04EC0-301F-11D3-BF4B-00C04F79EFBC}") = "B5", "B5\B5.csproj", "{922250CD-1A44-4C3E-B58E-4E0A13E51D1B}"
EndProject
Project("{FAE04EC0-301F-11D3-BF4B-00C04F79EFBC}") = "B6", "B6\B6.csproj", "{8D9F811C-5A58-4225-814C-608B06E086DF}"
EndProject
Project("{FAE04EC0-301F-11D3-BF4B-00C04F79EFBC}") = "B7", "B7\B7.csproj", "{86556DEA-D06C-406E-9625-AC1FBDA102E1}"
EndProject
Project("{FAE04EC0-301F-11D3-BF4B-00C04F79EFBC}") = "B8", "B8\B8.csproj", "{5EF71D84-41F7-489D-B791-C854E505724C}"
EndProject
Project("{FAE04EC0-301F-11D3-BF4B-00C04F79EFBC}") = "B9", "B9\B9.csproj", "{EC69E59A-F6A4-484E-9A91-474F92EE3B87}"
EndProject
Project("{FAE04EC0-301F-11D3-BF4B-00C04F79EFBC}") = "B10", "B10\B10.csproj", "{F3A346E9-06CB-4FE3-8829-2119C3890148}"
EndProject
Project("{FAE04EC0-301F-11D3-BF4B-00C04F79EFBC}") = "B11", "B11\B11.csproj", "{FE8DCE3B-F031-48D9-8A3D-E758AC2A31B7}"
EndProject
Project("{FAE04EC0-301F-11D3-BF4B-00C04F79EFBC}") = "B12", "B12\B12.csproj", "{348ABFBD-4C38-496C-A530-2C48B32D2049}"
EndProject
Project("{FAE04EC0-301F-11D3-BF4B-00C04F79EFBC}") = "B13", "B13\B13.csproj", "{7C6A597B-CBD6-4087-BAA6-E3712B64AE4A}"
EndProject
Project("{FAE04EC0-301F-11D3-BF4B-00C04F79EFBC}") = "B14", "B14\B14.csproj", "{AF7622E6-BA9E-485C-9665-09AE0664C463}"
EndProject
Project("{FAE04EC0-301F-11D3-BF4B-00C04F79EFBC}") = "B15", "B15\B15.csproj", "{086750EB-2633-4604-A8A9-1D9DF7B26E5C}"
EndProject
Project("{FAE04EC0-301F-11D3-BF4B-00C04F79EFBC}") = "B16", "B16\B16.csproj", "{C4A6BFA9-C6E7-4F2F-BE0B-FAC77595C3B4}"
EndProject
Project("{FAE04EC0-301F-11D3-BF4B-00C04F79EFBC}") = "B17", "B17\B17.csproj", "{9BC93135-0C21-43C7-AB7C-4480DB630106}"
EndProject
Project("{FAE04EC0-301F-11D3-BF4B-00C04F79EFBC}") = "B18", "B18\B18.csproj", "{DC550288-8504-408D-B0EF-F87D8C8C12C6}"
EndProject
Project("{FAE04EC0-301F-11D3-BF4B-00C04F79EFBC}") = "B19", "B19\B19.csproj", "{63FE6F6A-0C84-40E8-B7C3-46C580A8067A}"
EndProject
Project("{FAE04EC0-301F-11D3-BF4B-00C04F79EFBC}") = "B20", "B20\B20.csproj", "{9DF53316-9EE6-4D69-B2BC-78B641D83CC7}"
EndProject
Project("{FAE04EC0-301F-11D3-BF4B-00C04F79EFBC}") = "B21", "B21\B21.csproj", "{1163CD74-D5D7-4C36-B3AE-C99976B46A87}"
EndProject
Project("{FAE04EC0-301F-11D3-BF4B-00C04F79EFBC}") = "B23", "B23\B23.csproj", "{5049A4CA-A19A-4049-ADBE-A8D087B5E26F}"
EndProject
Project("{FAE04EC0-301F-11D3-BF4B-00C04F79EFBC}") = "B24", "B24\B24.csproj", "{6220A335-C967-405D-B5DF-B7BECC7EB66E}"
EndProject
Project("{FAE04EC0-301F-11D3-BF4B-00C04F79EFBC}") = "B25", "B25\B25.csproj", "{0FE51E2F-A3CC-43EA-AA00-4C85F796CDF8}"
EndProject
Project("{FAE04EC0-301F-11D3-BF4B-00C04F79EFBC}") = "B26", "B26\B26.csproj", "{B41AF48B-5104-4416-ACA4-4C2A165E5919}"
EndProject
Project("{FAE04EC0-301F-11D3-BF4B-00C04F79EFBC}") = "B27", "B27\B27.csproj", "{671E4981-E108-4760-8B8E-AE62D4C21B7F}"
EndProject
Project("{FAE04EC0-301F-11D3-BF4B-00C04F79EFBC}") = "B28", "B28\B28.csproj", "{E290FB45-E333-4416-87B6-005925D6A689}"
EndProject
Project("{FAE04EC0-301F-11D3-BF4B-00C04F79EFBC}") = "B29", "B29\B29.csproj", "{FB558CC2-2F98-49CA-BFC2-CBFA83671DC3}"
EndProject
Project("{FAE04EC0-301F-11D3-BF4B-00C04F79EFBC}") = "B30", "B30\B30.csproj", "{4DFB5791-6140-48B7-BDA4-606A82B912EE}"
EndProject
Project("{FAE04EC0-301F-11D3-BF4B-00C04F79EFBC}") = "B31", "B31\B31.csproj", "{0D0CC4A8-7EDD-4266-8B4E-38666A3BA9F4}"
EndProject
Project("{FAE04EC0-301F-11D3-BF4B-00C04F79EFBC}") = "B32", "B32\B32.csproj", "{AC9E9E0B-A111-41F1-84B0-5E63C467EE84}"
EndProject
Global
	GlobalSection(SolutionConfigurationPlatforms) = preSolution
		Debug|Any CPU = Debug|Any CPU
		Release|Any CPU = Release|Any CPU
	EndGlobalSection
	GlobalSection(ProjectConfigurationPlatforms) = postSolution
		{3CB26715-A9F3-4017-AD99-809F01E3EC65}.Debug|Any CPU.ActiveCfg = Debug|Any CPU
		{3CB26715-A9F3-4017-AD99-809F01E3EC65}.Debug|Any CPU.Build.0 = Debug|Any CPU
		{3CB26715-A9F3-4017-AD99-809F01E3EC65}.Release|Any CPU.ActiveCfg = Release|Any CPU
		{3CB26715-A9F3-4017-AD99-809F01E3EC65}.Release|Any CPU.Build.0 = Release|Any CPU
		{86EAC3C7-117E-430B-96E7-DA0218D5C006}.Debug|Any CPU.ActiveCfg = Debug|Any CPU
		{86EAC3C7-117E-430B-96E7-DA0218D5C006}.Debug|Any CPU.Build.0 = Debug|Any CPU
		{86EAC3C7-117E-430B-96E7-DA0218D5C006}.Release|Any CPU.ActiveCfg = Release|Any CPU
		{86EAC3C7-117E-430B-96E7-DA0218D5C006}.Release|Any CPU.Build.0 = Release|Any CPU
		{BA907B94-6DA7-4B15-A146-0163C16DA7EE}.Debug|Any CPU.ActiveCfg = Debug|Any CPU
		{BA907B94-6DA7-4B15-A146-0163C16DA7EE}.Debug|Any CPU.Build.0 = Debug|Any CPU
		{BA907B94-6DA7-4B15-A146-0163C16DA7EE}.Release|Any CPU.ActiveCfg = Release|Any CPU
		{BA907B94-6DA7-4B15-A146-0163C16DA7EE}.Release|Any CPU.Build.0 = Release|Any CPU
		{922250CD-1A44-4C3E-B58E-4E0A13E51D1B}.Debug|Any CPU.ActiveCfg = Debug|Any CPU
		{922250CD-1A44-4C3E-B58E-4E0A13E51D1B}.Debug|Any CPU.Build.0 = Debug|Any CPU
		{922250CD-1A44-4C3E-B58E-4E0A13E51D1B}.Release|Any CPU.ActiveCfg = Release|Any CPU
		{922250CD-1A44-4C3E-B58E-4E0A13E51D1B}.Release|Any CPU.Build.0 = Release|Any CPU
		{8D9F811C-5A58-4225-814C-608B06E086DF}.Debug|Any CPU.ActiveCfg = Debug|Any CPU
		{8D9F811C-5A58-4225-814C-608B06E086DF}.Debug|Any CPU.Build.0 = Debug|Any CPU
		{8D9F811C-5A58-4225-814C-608B06E086DF}.Release|Any CPU.ActiveCfg = Release|Any CPU
		{8D9F811C-5A58-4225-814C-608B06E086DF}.Release|Any CPU.Build.0 = Release|Any CPU
		{86556DEA-D06C-406E-9625-AC1FBDA102E1}.Debug|Any CPU.ActiveCfg = Debug|Any CPU
		{86556DEA-D06C-406E-9625-AC1FBDA102E1}.Debug|Any CPU.Build.0 = Debug|Any CPU
		{86556DEA-D06C-406E-9625-AC1FBDA102E1}.Release|Any CPU.ActiveCfg = Release|Any CPU
		{86556DEA-D06C-406E-9625-AC1FBDA102E1}.Release|Any CPU.Build.0 = Release|Any CPU
		{5EF71D84-41F7-489D-B791-C854E505724C}.Debug|Any CPU.ActiveCfg = Debug|Any CPU
		{5EF71D84-41F7-489D-B791-C854E505724C}.Debug|Any CPU.Build.0 = Debug|Any CPU
		{5EF71D84-41F7-489D-B791-C854E505724C}.Release|Any CPU.ActiveCfg = Release|Any CPU
		{5EF71D84-41F7-489D-B791-C854E505724C}.Release|Any CPU.Build.0 = Release|Any CPU
		{EC69E59A-F6A4-484E-9A91-474F92EE3B87}.Debug|Any CPU.ActiveCfg = Debug|Any CPU
		{EC69E59A-F6A4-484E-9A91-474F92EE3B87}.Debug|Any CPU.Build.0 = Debug|Any CPU
		{EC69E59A-F6A4-484E-9A91-474F92EE3B87}.Release|Any CPU.ActiveCfg = Release|Any CPU
		{EC69E59A-F6A4-484E-9A91-474F92EE3B87}.Release|Any CPU.Build.0 = Release|Any CPU
		{F3A346E9-06CB-4FE3-8829-2119C3890148}.Debug|Any CPU.ActiveCfg = Debug|Any CPU
		{F3A346E9-06CB-4FE3-8829-2119C3890148}.Debug|Any CPU.Build.0 = Debug|Any CPU
		{F3A346E9-06CB-4FE3-8829-2119C3890148}.Release|Any CPU.ActiveCfg = Release|Any CPU
		{F3A346E9-06CB-4FE3-8829-2119C3890148}.Release|Any CPU.Build.0 = Release|Any CPU
		{FE8DCE3B-F031-48D9-8A3D-E758AC2A31B7}.Debug|Any CPU.ActiveCfg = Debug|Any CPU
		{FE8DCE3B-F031-48D9-8A3D-E758AC2A31B7}.Debug|Any CPU.Build.0 = Debug|Any CPU
		{FE8DCE3B-F031-48D9-8A3D-E758AC2A31B7}.Release|Any CPU.ActiveCfg = Release|Any CPU
		{FE8DCE3B-F031-48D9-8A3D-E758AC2A31B7}.Release|Any CPU.Build.0 = Release|Any CPU
		{348ABFBD-4C38-496C-A530-2C48B32D2049}.Debug|Any CPU.ActiveCfg = Debug|Any CPU
		{348ABFBD-4C38-496C-A530-2C48B32D2049}.Debug|Any CPU.Build.0 = Debug|Any CPU
		{348ABFBD-4C38-496C-A530-2C48B32D2049}.Release|Any CPU.ActiveCfg = Release|Any CPU
		{348ABFBD-4C38-496C-A530-2C48B32D2049}.Release|Any CPU.Build.0 = Release|Any CPU
		{7C6A597B-CBD6-4087-BAA6-E3712B64AE4A}.Debug|Any CPU.ActiveCfg = Debug|Any CPU
		{7C6A597B-CBD6-4087-BAA6-E3712B64AE4A}.Debug|Any CPU.Build.0 = Debug|Any CPU
		{7C6A597B-CBD6-4087-BAA6-E3712B64AE4A}.Release|Any CPU.ActiveCfg = Release|Any CPU
		{7C6A597B-CBD6-4087-BAA6-E3712B64AE4A}.Release|Any CPU.Build.0 = Release|Any CPU
		{AF7622E6-BA9E-485C-9665-09AE0664C463}.Debug|Any CPU.ActiveCfg = Debug|Any CPU
		{AF7622E6-BA9E-485C-9665-09AE0664C463}.Debug|Any CPU.Build.0 = Debug|Any CPU
		{AF7622E6-BA9E-485C-9665-09AE0664C463}.Release|Any CPU.ActiveCfg = Release|Any CPU
		{AF7622E6-BA9E-485C-9665-09AE0664C463}.Release|Any CPU.Build.0 = Release|Any CPU
		{086750EB-2633-4604-A8A9-1D9DF7B26E5C}.Debug|Any CPU.ActiveCfg = Debug|Any CPU
		{086750EB-2633-4604-A8A9-1D9DF7B26E5C}.Debug|Any CPU.Build.0 = Debug|Any CPU
		{086750EB-2633-4604-A8A9-1D9DF7B26E5C}.Release|Any CPU.ActiveCfg = Release|Any CPU
		{086750EB-2633-4604-A8A9-1D9DF7B26E5C}.Release|Any CPU.Build.0 = Release|Any CPU
		{C4A6BFA9-C6E7-4F2F-BE0B-FAC77595C3B4}.Debug|Any CPU.ActiveCfg = Debug|Any CPU
		{C4A6BFA9-C6E7-4F2F-BE0B-FAC77595C3B4}.Debug|Any CPU.Build.0 = Debug|Any CPU
		{C4A6BFA9-C6E7-4F2F-BE0B-FAC77595C3B4}.Release|Any CPU.ActiveCfg = Release|Any CPU
		{C4A6BFA9-C6E7-4F2F-BE0B-FAC77595C3B4}.Release|Any CPU.Build.0 = Release|Any CPU
		{9BC93135-0C21-43C7-AB7C-4480DB630106}.Debug|Any CPU.ActiveCfg = Debug|Any CPU
		{9BC93135-0C21-43C7-AB7C-4480DB630106}.Debug|Any CPU.Build.0 = Debug|Any CPU
		{9BC93135-0C21-43C7-AB7C-4480DB630106}.Release|Any CPU.ActiveCfg = Release|Any CPU
		{9BC93135-0C21-43C7-AB7C-4480DB630106}.Release|Any CPU.Build.0 = Release|Any CPU
		{DC550288-8504-408D-B0EF-F87D8C8C12C6}.Debug|Any CPU.ActiveCfg = Debug|Any CPU
		{DC550288-8504-408D-B0EF-F87D8C8C12C6}.Debug|Any CPU.Build.0 = Debug|Any CPU
		{DC550288-8504-408D-B0EF-F87D8C8C12C6}.Release|Any CPU.ActiveCfg = Release|Any CPU
		{DC550288-8504-408D-B0EF-F87D8C8C12C6}.Release|Any CPU.Build.0 = Release|Any CPU
		{63FE6F6A-0C84-40E8-B7C3-46C580A8067A}.Debug|Any CPU.ActiveCfg = Debug|Any CPU
		{63FE6F6A-0C84-40E8-B7C3-46C580A8067A}.Debug|Any CPU.Build.0 = Debug|Any CPU
		{63FE6F6A-0C84-40E8-B7C3-46C580A8067A}.Release|Any CPU.ActiveCfg = Release|Any CPU
		{63FE6F6A-0C84-40E8-B7C3-46C580A8067A}.Release|Any CPU.Build.0 = Release|Any CPU
		{9DF53316-9EE6-4D69-B2BC-78B641D83CC7}.Debug|Any CPU.ActiveCfg = Debug|Any CPU
		{9DF53316-9EE6-4D69-B2BC-78B641D83CC7}.Debug|Any CPU.Build.0 = Debug|Any CPU
		{9DF53316-9EE6-4D69-B2BC-78B641D83CC7}.Release|Any CPU.ActiveCfg = Release|Any CPU
		{9DF53316-9EE6-4D69-B2BC-78B641D83CC7}.Release|Any CPU.Build.0 = Release|Any CPU
		{1163CD74-D5D7-4C36-B3AE-C99976B46A87}.Debug|Any CPU.ActiveCfg = Debug|Any CPU
		{1163CD74-D5D7-4C36-B3AE-C99976B46A87}.Debug|Any CPU.Build.0 = Debug|Any CPU
		{1163CD74-D5D7-4C36-B3AE-C99976B46A87}.Release|Any CPU.ActiveCfg = Release|Any CPU
		{1163CD74-D5D7-4C36-B3AE-C99976B46A87}.Release|Any CPU.Build.0 = Release|Any CPU
		{5049A4CA-A19A-4049-ADBE-A8D087B5E26F}.Debug|Any CPU.ActiveCfg = Debug|Any CPU
		{5049A4CA-A19A-4049-ADBE-A8D087B5E26F}.Debug|Any CPU.Build.0 = Debug|Any CPU
		{5049A4CA-A19A-4049-ADBE-A8D087B5E26F}.Release|Any CPU.ActiveCfg = Release|Any CPU
		{5049A4CA-A19A-4049-ADBE-A8D087B5E26F}.Release|Any CPU.Build.0 = Release|Any CPU
		{6220A335-C967-405D-B5DF-B7BECC7EB66E}.Debug|Any CPU.ActiveCfg = Debug|Any CPU
		{6220A335-C967-405D-B5DF-B7BECC7EB66E}.Debug|Any CPU.Build.0 = Debug|Any CPU
		{6220A335-C967-405D-B5DF-B7BECC7EB66E}.Release|Any CPU.ActiveCfg = Release|Any CPU
		{6220A335-C967-405D-B5DF-B7BECC7EB66E}.Release|Any CPU.Build.0 = Release|Any CPU
		{0FE51E2F-A3CC-43EA-AA00-4C85F796CDF8}.Debug|Any CPU.ActiveCfg = Debug|Any CPU
		{0FE51E2F-A3CC-43EA-AA00-4C85F796CDF8}.Debug|Any CPU.Build.0 = Debug|Any CPU
		{0FE51E2F-A3CC-43EA-AA00-4C85F796CDF8}.Release|Any CPU.ActiveCfg = Release|Any CPU
		{0FE51E2F-A3CC-43EA-AA00-4C85F796CDF8}.Release|Any CPU.Build.0 = Release|Any CPU
		{B41AF48B-5104-4416-ACA4-4C2A165E5919}.Debug|Any CPU.ActiveCfg = Debug|Any CPU
		{B41AF48B-5104-4416-ACA4-4C2A165E5919}.Debug|Any CPU.Build.0 = Debug|Any CPU
		{B41AF48B-5104-4416-ACA4-4C2A165E5919}.Release|Any CPU.ActiveCfg = Release|Any CPU
		{B41AF48B-5104-4416-ACA4-4C2A165E5919}.Release|Any CPU.Build.0 = Release|Any CPU
		{671E4981-E108-4760-8B8E-AE62D4C21B7F}.Debug|Any CPU.ActiveCfg = Debug|Any CPU
		{671E4981-E108-4760-8B8E-AE62D4C21B7F}.Debug|Any CPU.Build.0 = Debug|Any CPU
		{671E4981-E108-4760-8B8E-AE62D4C21B7F}.Release|Any CPU.ActiveCfg = Release|Any CPU
		{671E4981-E108-4760-8B8E-AE62D4C21B7F}.Release|Any CPU.Build.0 = Release|Any CPU
		{E290FB45-E333-4416-87B6-005925D6A689}.Debug|Any CPU.ActiveCfg = Debug|Any CPU
		{E290FB45-E333-4416-87B6-005925D6A689}.Debug|Any CPU.Build.0 = Debug|Any CPU
		{E290FB45-E333-4416-87B6-005925D6A689}.Release|Any CPU.ActiveCfg = Release|Any CPU
		{E290FB45-E333-4416-87B6-005925D6A689}.Release|Any CPU.Build.0 = Release|Any CPU
		{FB558CC2-2F98-49CA-BFC2-CBFA83671DC3}.Debug|Any CPU.ActiveCfg = Debug|Any CPU
		{FB558CC2-2F98-49CA-BFC2-CBFA83671DC3}.Debug|Any CPU.Build.0 = Debug|Any CPU
		{FB558CC2-2F98-49CA-BFC2-CBFA83671DC3}.Release|Any CPU.ActiveCfg = Release|Any CPU
		{FB558CC2-2F98-49CA-BFC2-CBFA83671DC3}.Release|Any CPU.Build.0 = Release|Any CPU
		{4DFB5791-6140-48B7-BDA4-606A82B912EE}.Debug|Any CPU.ActiveCfg = Debug|Any CPU
		{4DFB5791-6140-48B7-BDA4-606A82B912EE}.Debug|Any CPU.Build.0 = Debug|Any CPU
		{4DFB5791-6140-48B7-BDA4-606A82B912EE}.Release|Any CPU.ActiveCfg = Release|Any CPU
		{4DFB5791-6140-48B7-BDA4-606A82B912EE}.Release|Any CPU.Build.0 = Release|Any CPU
		{0D0CC4A8-7EDD-4266-8B4E-38666A3BA9F4}.Debug|Any CPU.ActiveCfg = Debug|Any CPU
		{0D0CC4A8-7EDD-4266-8B4E-38666A3BA9F4}.Debug|Any CPU.Build.0 = Debug|Any CPU
		{0D0CC4A8-7EDD-4266-8B4E-38666A3BA9F4}.Release|Any CPU.ActiveCfg = Release|Any CPU
		{0D0CC4A8-7EDD-4266-8B4E-38666A3BA9F4}.Release|Any CPU.Build.0 = Release|Any CPU
		{AC9E9E0B-A111-41F1-84B0-5E63C467EE84}.Debug|Any CPU.ActiveCfg = Debug|Any CPU
		{AC9E9E0B-A111-41F1-84B0-5E63C467EE84}.Debug|Any CPU.Build.0 = Debug|Any CPU
		{AC9E9E0B-A111-41F1-84B0-5E63C467EE84}.Release|Any CPU.ActiveCfg = Release|Any CPU
		{AC9E9E0B-A111-41F1-84B0-5E63C467EE84}.Release|Any CPU.Build.0 = Release|Any CPU
	EndGlobalSection
	GlobalSection(SolutionProperties) = preSolution
		HideSolutionNode = FALSE
	EndGlobalSection
	GlobalSection(ExtensibilityGlobals) = postSolution
		SolutionGuid = {A53AA3B5-A97A-4224-8946-33581A971A03}
	EndGlobalSection
EndGlobal
